
Microsoft Visual Studio Solution File, Format Version 12.00
# Visual Studio Version 17
VisualStudioVersion = 17.7.34031.279
MinimumVisualStudioVersion = 10.0.40219.1
Project("{FAE04EC0-301F-11D3-BF4B-00C04F79EFBC}") = "OnlineShop_V2", "OnlineShop_V2.csproj", "{EE9DCAF8-6D68-4123-8EDA-92C81668F1DE}"
EndProject
Project("{FAE04EC0-301F-11D3-BF4B-00C04F79EFBC}") = "Lib1", "Lib1\Lib1.csproj", "{569448C1-A8FF-4962-A5A4-F2761C33B118}"
EndProject
Project("{FAE04EC0-301F-11D3-BF4B-00C04F79EFBC}") = "Lib2", "Lib2\Lib2.csproj", "{5847BE69-C7F5-4680-85E3-43350C9D88A2}"
EndProject
Global
	GlobalSection(SolutionConfigurationPlatforms) = preSolution
		Debug|Any CPU = Debug|Any CPU
		Release|Any CPU = Release|Any CPU
	EndGlobalSection
	GlobalSection(ProjectConfigurationPlatforms) = postSolution
		{EE9DCAF8-6D68-4123-8EDA-92C81668F1DE}.Debug|Any CPU.ActiveCfg = Debug|Any CPU
		{EE9DCAF8-6D68-4123-8EDA-92C81668F1DE}.Debug|Any CPU.Build.0 = Debug|Any CPU
		{EE9DCAF8-6D68-4123-8EDA-92C81668F1DE}.Release|Any CPU.ActiveCfg = Release|Any CPU
		{EE9DCAF8-6D68-4123-8EDA-92C81668F1DE}.Release|Any CPU.Build.0 = Release|Any CPU
		{569448C1-A8FF-4962-A5A4-F2761C33B118}.Debug|Any CPU.ActiveCfg = Debug|Any CPU
		{569448C1-A8FF-4962-A5A4-F2761C33B118}.Debug|Any CPU.Build.0 = Debug|Any CPU
		{569448C1-A8FF-4962-A5A4-F2761C33B118}.Release|Any CPU.ActiveCfg = Release|Any CPU
		{569448C1-A8FF-4962-A5A4-F2761C33B118}.Release|Any CPU.Build.0 = Release|Any CPU
		{5847BE69-C7F5-4680-85E3-43350C9D88A2}.Debug|Any CPU.ActiveCfg = Debug|Any CPU
		{5847BE69-C7F5-4680-85E3-43350C9D88A2}.Debug|Any CPU.Build.0 = Debug|Any CPU
		{5847BE69-C7F5-4680-85E3-43350C9D88A2}.Release|Any CPU.ActiveCfg = Release|Any CPU
		{5847BE69-C7F5-4680-85E3-43350C9D88A2}.Release|Any CPU.Build.0 = Release|Any CPU
	EndGlobalSection
	GlobalSection(SolutionProperties) = preSolution
		HideSolutionNode = FALSE
	EndGlobalSection
	GlobalSection(ExtensibilityGlobals) = postSolution
		SolutionGuid = {4C805A90-0F77-45E0-8DD2-8ACA0CD1A973}
	EndGlobalSection
EndGlobal
